
Microsoft Visual Studio Solution File, Format Version 12.00
# Visual Studio Version 17
VisualStudioVersion = 17.3.32929.385
MinimumVisualStudioVersion = 10.0.40219.1
Project("{FAE04EC0-301F-11D3-BF4B-00C04F79EFBC}") = "WorkingDaysSummary", "WorkingDays\WorkingDaysSummary.csproj", "{EA8B3B80-817C-4778-9EAD-20CCD0B4C7E2}"
EndProject
Global
	GlobalSection(SolutionConfigurationPlatforms) = preSolution
		Debug|Any CPU = Debug|Any CPU
		Release|Any CPU = Release|Any CPU
	EndGlobalSection
	GlobalSection(ProjectConfigurationPlatforms) = postSolution
		{EA8B3B80-817C-4778-9EAD-20CCD0B4C7E2}.Debug|Any CPU.ActiveCfg = Debug|Any CPU
		{EA8B3B80-817C-4778-9EAD-20CCD0B4C7E2}.Debug|Any CPU.Build.0 = Debug|Any CPU
		{EA8B3B80-817C-4778-9EAD-20CCD0B4C7E2}.Release|Any CPU.ActiveCfg = Release|Any CPU
		{EA8B3B80-817C-4778-9EAD-20CCD0B4C7E2}.Release|Any CPU.Build.0 = Release|Any CPU
	EndGlobalSection
	GlobalSection(SolutionProperties) = preSolution
		HideSolutionNode = FALSE
	EndGlobalSection
	GlobalSection(ExtensibilityGlobals) = postSolution
		SolutionGuid = {FA6DA79D-16C7-490D-9FCA-8E3A91ACFC7C}
	EndGlobalSection
EndGlobal
